
Microsoft Visual Studio Solution File, Format Version 12.00
# Visual Studio Version 17
VisualStudioVersion = 17.1.32210.238
MinimumVisualStudioVersion = 10.0.40219.1
Project("{FAE04EC0-301F-11D3-BF4B-00C04F79EFBC}") = "TicTacToe", "TicTacToe\TicTacToe.csproj", "{EAE2E5A9-9981-4521-BC1E-1A792BD20517}"
EndProject
Global
	GlobalSection(SolutionConfigurationPlatforms) = preSolution
		Debug|Any CPU = Debug|Any CPU
		Release|Any CPU = Release|Any CPU
	EndGlobalSection
	GlobalSection(ProjectConfigurationPlatforms) = postSolution
		{EAE2E5A9-9981-4521-BC1E-1A792BD20517}.Debug|Any CPU.ActiveCfg = Debug|Any CPU
		{EAE2E5A9-9981-4521-BC1E-1A792BD20517}.Debug|Any CPU.Build.0 = Debug|Any CPU
		{EAE2E5A9-9981-4521-BC1E-1A792BD20517}.Release|Any CPU.ActiveCfg = Release|Any CPU
		{EAE2E5A9-9981-4521-BC1E-1A792BD20517}.Release|Any CPU.Build.0 = Release|Any CPU
	EndGlobalSection
	GlobalSection(SolutionProperties) = preSolution
		HideSolutionNode = FALSE
	EndGlobalSection
	GlobalSection(ExtensibilityGlobals) = postSolution
		SolutionGuid = {AE5949D5-ABC2-486A-87EB-450E4DD6E7FB}
	EndGlobalSection
EndGlobal
