
Microsoft Visual Studio Solution File, Format Version 12.00
# Visual Studio Version 17
VisualStudioVersion = 17.1.32210.238
MinimumVisualStudioVersion = 10.0.40219.1
Project("{FAE04EC0-301F-11D3-BF4B-00C04F79EFBC}") = "WPF_Add_Button", "WPF_Add_Button\WPF_Add_Button.csproj", "{4ABE74BA-CF26-4C1F-8EB0-D2FC0D3FFC8B}"
EndProject
Global
	GlobalSection(SolutionConfigurationPlatforms) = preSolution
		Debug|Any CPU = Debug|Any CPU
		Release|Any CPU = Release|Any CPU
	EndGlobalSection
	GlobalSection(ProjectConfigurationPlatforms) = postSolution
		{4ABE74BA-CF26-4C1F-8EB0-D2FC0D3FFC8B}.Debug|Any CPU.ActiveCfg = Debug|Any CPU
		{4ABE74BA-CF26-4C1F-8EB0-D2FC0D3FFC8B}.Debug|Any CPU.Build.0 = Debug|Any CPU
		{4ABE74BA-CF26-4C1F-8EB0-D2FC0D3FFC8B}.Release|Any CPU.ActiveCfg = Release|Any CPU
		{4ABE74BA-CF26-4C1F-8EB0-D2FC0D3FFC8B}.Release|Any CPU.Build.0 = Release|Any CPU
	EndGlobalSection
	GlobalSection(SolutionProperties) = preSolution
		HideSolutionNode = FALSE
	EndGlobalSection
	GlobalSection(ExtensibilityGlobals) = postSolution
		SolutionGuid = {C8A2D3B7-EE65-4F58-A370-DBCA29DD2163}
	EndGlobalSection
EndGlobal
